PODS:
  - FrostedSidebar (1.0.0)
  - NCMB (2.4.3)
  - SVProgressHUD (2.2.5)
  - "UITextView+Placeholder (1.2.0)"

DEPENDENCIES:
  - FrostedSidebar
  - NCMB (from `https://github.com/NIFTYCloud-mbaas/ncmb_ios.git`, branch `develop`)
  - SVProgressHUD
  - "UITextView+Placeholder"

SPEC REPOS:
  https://github.com/cocoapods/specs.git:
    - FrostedSidebar
    - SVProgressHUD
    - "UITextView+Placeholder"

EXTERNAL SOURCES:
  NCMB:
    :branch: develop
    :git: https://github.com/NIFTYCloud-mbaas/ncmb_ios.git

CHECKOUT OPTIONS:
  NCMB:
    :commit: 4e5a13aff7787d78864c15cc65475f5997288aed
    :git: https://github.com/NIFTYCloud-mbaas/ncmb_ios.git

SPEC CHECKSUMS:
  FrostedSidebar: f86c6843cabd5d456f9234afb6eea22a7512532f
  NCMB: 7b88a86be4a770bd260f42295c7649b00f57f178
  SVProgressHUD: 1428aafac632c1f86f62aa4243ec12008d7a51d6
  "UITextView+Placeholder": 77680995fcdd07c3f52ec92fe1150874a2ac89ff

PODFILE CHECKSUM: 17b6fe5cd2894f44cb8f9678704b36d9038af486

COCOAPODS: 1.5.2
